hash: cb5f6dc05c219d30643ca1ed8e7a0ccc3e9a9707462d39405553e3a23ab38cf9
updated: 2015-12-22T01:17:43.648672425-05:00
imports:
- name: github.com/boltdb/bolt
  version: 827f56dfb2091be2edb284ffb6113c198f27b033
- name: github.com/chzyer/readline
  version: 76dfcd2e50c4a72e2cd591d5872394a3670d9173
- name: github.com/forestgiant/semver
  version: 6bd1a51bb1c2f96fe24cf98acb62bf6ae5253619
- name: github.com/nbutton23/zxcvbn-go
  version: d490adbfd16a8f3be969c0305f0e4517b933e944
  repo: https://github.com/nbutton23/zxcvbn-go
- name: golang.org/x/crypto
  version: f18420efc3b4f8e9f3d51f6bd2476e92c46260e9
devImports: []
