# This file is autogenerated, do not edit; changes may be undone by the next 'dep ensure'.


[[projects]]
  name = "github.com/boltdb/bolt"
  packages = ["."]
  revision = "2f1ce7a837dcb8da3ec595b1dac9d0632f0f99e8"
  version = "v1.3.1"

[[projects]]
  name = "github.com/chzyer/readline"
  packages = ["."]
  revision = "62c6fe6193755f722b8b8788aa7357be55a50ff1"
  version = "v1.4"

[[projects]]
  branch = "master"
  name = "golang.org/x/sys"
  packages = ["unix"]
  revision = "d8f5ea21b9295e315e612b4bcf4bedea93454d4d"

[solve-meta]
  analyzer-name = "dep"
  analyzer-version = 1
  inputs-digest = "5c46ea881151f5d760ee5d05388203977ffa94ea964057d8144bf3eee4c53912"
  solver-name = "gps-cdcl"
  solver-version = 1
